
Microsoft Visual Studio Solution File, Format Version 12.00
# Visual Studio Version 17
VisualStudioVersion = 17.7.34018.315
MinimumVisualStudioVersion = 10.0.40219.1
Project("{FAE04EC0-301F-11D3-BF4B-00C04F79EFBC}") = "HerancaEx1", "HerancaEx1\HerancaEx1.csproj", "{5C4C292C-3ABA-4EA1-8D58-145093693B88}"
EndProject
Global
	GlobalSection(SolutionConfigurationPlatforms) = preSolution
		Debug|Any CPU = Debug|Any CPU
		Release|Any CPU = Release|Any CPU
	EndGlobalSection
	GlobalSection(ProjectConfigurationPlatforms) = postSolution
		{5C4C292C-3ABA-4EA1-8D58-145093693B88}.Debug|Any CPU.ActiveCfg = Debug|Any CPU
		{5C4C292C-3ABA-4EA1-8D58-145093693B88}.Debug|Any CPU.Build.0 = Debug|Any CPU
		{5C4C292C-3ABA-4EA1-8D58-145093693B88}.Release|Any CPU.ActiveCfg = Release|Any CPU
		{5C4C292C-3ABA-4EA1-8D58-145093693B88}.Release|Any CPU.Build.0 = Release|Any CPU
	EndGlobalSection
	GlobalSection(SolutionProperties) = preSolution
		HideSolutionNode = FALSE
	EndGlobalSection
	GlobalSection(ExtensibilityGlobals) = postSolution
		SolutionGuid = {10AB5B9D-6BCD-43E0-B10E-BE72C3D54FB8}
	EndGlobalSection
EndGlobal
