
Microsoft Visual Studio Solution File, Format Version 12.00
# Visual Studio Version 17
VisualStudioVersion = 17.7.34018.315
MinimumVisualStudioVersion = 10.0.40219.1
Project("{FAE04EC0-301F-11D3-BF4B-00C04F79EFBC}") = "ParametroOpcional", "ParametroOpcional\ParametroOpcional.csproj", "{8A24E89E-9375-4694-9000-60940421F69A}"
EndProject
Global
	GlobalSection(SolutionConfigurationPlatforms) = preSolution
		Debug|Any CPU = Debug|Any CPU
		Release|Any CPU = Release|Any CPU
	EndGlobalSection
	GlobalSection(ProjectConfigurationPlatforms) = postSolution
		{8A24E89E-9375-4694-9000-60940421F69A}.Debug|Any CPU.ActiveCfg = Debug|Any CPU
		{8A24E89E-9375-4694-9000-60940421F69A}.Debug|Any CPU.Build.0 = Debug|Any CPU
		{8A24E89E-9375-4694-9000-60940421F69A}.Release|Any CPU.ActiveCfg = Release|Any CPU
		{8A24E89E-9375-4694-9000-60940421F69A}.Release|Any CPU.Build.0 = Release|Any CPU
	EndGlobalSection
	GlobalSection(SolutionProperties) = preSolution
		HideSolutionNode = FALSE
	EndGlobalSection
	GlobalSection(ExtensibilityGlobals) = postSolution
		SolutionGuid = {D28CC65E-38ED-44E1-9475-9087EE40B8D7}
	EndGlobalSection
EndGlobal
