
Microsoft Visual Studio Solution File, Format Version 12.00
# Visual Studio Version 17
VisualStudioVersion = 17.7.34018.315
MinimumVisualStudioVersion = 10.0.40219.1
Project("{FAE04EC0-301F-11D3-BF4B-00C04F79EFBC}") = "MétodoParametrizado2", "MétodoParametrizado2\MétodoParametrizado2.csproj", "{75F99197-93E6-43EE-9152-AFDA2A8C09CF}"
EndProject
Global
	GlobalSection(SolutionConfigurationPlatforms) = preSolution
		Debug|Any CPU = Debug|Any CPU
		Release|Any CPU = Release|Any CPU
	EndGlobalSection
	GlobalSection(ProjectConfigurationPlatforms) = postSolution
		{75F99197-93E6-43EE-9152-AFDA2A8C09CF}.Debug|Any CPU.ActiveCfg = Debug|Any CPU
		{75F99197-93E6-43EE-9152-AFDA2A8C09CF}.Debug|Any CPU.Build.0 = Debug|Any CPU
		{75F99197-93E6-43EE-9152-AFDA2A8C09CF}.Release|Any CPU.ActiveCfg = Release|Any CPU
		{75F99197-93E6-43EE-9152-AFDA2A8C09CF}.Release|Any CPU.Build.0 = Release|Any CPU
	EndGlobalSection
	GlobalSection(SolutionProperties) = preSolution
		HideSolutionNode = FALSE
	EndGlobalSection
	GlobalSection(ExtensibilityGlobals) = postSolution
		SolutionGuid = {12AE0B01-CCAC-4730-955B-9D8C7A9DEB4A}
	EndGlobalSection
EndGlobal
