
Microsoft Visual Studio Solution File, Format Version 12.00
# Visual Studio Version 17
VisualStudioVersion = 17.7.34018.315
MinimumVisualStudioVersion = 10.0.40219.1
Project("{9A19103F-16F7-4668-BE54-9A1E7A4F7556}") = "Sessao4ExPrincipal", "Sessao4Ex3\Sessao4ExPrincipal.csproj", "{14158CA5-F624-446D-A419-202F17631FC8}"
EndProject
Global
	GlobalSection(SolutionConfigurationPlatforms) = preSolution
		Debug|Any CPU = Debug|Any CPU
		Release|Any CPU = Release|Any CPU
	EndGlobalSection
	GlobalSection(ProjectConfigurationPlatforms) = postSolution
		{14158CA5-F624-446D-A419-202F17631FC8}.Debug|Any CPU.ActiveCfg = Debug|Any CPU
		{14158CA5-F624-446D-A419-202F17631FC8}.Debug|Any CPU.Build.0 = Debug|Any CPU
		{14158CA5-F624-446D-A419-202F17631FC8}.Release|Any CPU.ActiveCfg = Release|Any CPU
		{14158CA5-F624-446D-A419-202F17631FC8}.Release|Any CPU.Build.0 = Release|Any CPU
	EndGlobalSection
	GlobalSection(SolutionProperties) = preSolution
		HideSolutionNode = FALSE
	EndGlobalSection
	GlobalSection(ExtensibilityGlobals) = postSolution
		SolutionGuid = {F76ECB0B-1390-447B-A568-BB0CAB9B045C}
	EndGlobalSection
EndGlobal
