
Microsoft Visual Studio Solution File, Format Version 12.00
# Visual Studio Version 17
VisualStudioVersion = 17.7.34018.315
MinimumVisualStudioVersion = 10.0.40219.1
Project("{FAE04EC0-301F-11D3-BF4B-00C04F79EFBC}") = "Precedencia", "Precedencia\Precedencia.csproj", "{E32DB561-F963-4E4F-B98D-2C2560F1745C}"
EndProject
Global
	GlobalSection(SolutionConfigurationPlatforms) = preSolution
		Debug|Any CPU = Debug|Any CPU
		Release|Any CPU = Release|Any CPU
	EndGlobalSection
	GlobalSection(ProjectConfigurationPlatforms) = postSolution
		{E32DB561-F963-4E4F-B98D-2C2560F1745C}.Debug|Any CPU.ActiveCfg = Debug|Any CPU
		{E32DB561-F963-4E4F-B98D-2C2560F1745C}.Debug|Any CPU.Build.0 = Debug|Any CPU
		{E32DB561-F963-4E4F-B98D-2C2560F1745C}.Release|Any CPU.ActiveCfg = Release|Any CPU
		{E32DB561-F963-4E4F-B98D-2C2560F1745C}.Release|Any CPU.Build.0 = Release|Any CPU
	EndGlobalSection
	GlobalSection(SolutionProperties) = preSolution
		HideSolutionNode = FALSE
	EndGlobalSection
	GlobalSection(ExtensibilityGlobals) = postSolution
		SolutionGuid = {2C8A7551-3137-4C6B-AEA4-B652BB020401}
	EndGlobalSection
EndGlobal
