
Microsoft Visual Studio Solution File, Format Version 12.00
# Visual Studio Version 17
VisualStudioVersion = 17.7.34018.315
MinimumVisualStudioVersion = 10.0.40219.1
Project("{FAE04EC0-301F-11D3-BF4B-00C04F79EFBC}") = "SaidaDeDados2", "SaidaDeDados2\SaidaDeDados2.csproj", "{5602CFAA-6B6A-4184-AC00-26E92C5001AF}"
EndProject
Global
	GlobalSection(SolutionConfigurationPlatforms) = preSolution
		Debug|Any CPU = Debug|Any CPU
		Release|Any CPU = Release|Any CPU
	EndGlobalSection
	GlobalSection(ProjectConfigurationPlatforms) = postSolution
		{5602CFAA-6B6A-4184-AC00-26E92C5001AF}.Debug|Any CPU.ActiveCfg = Debug|Any CPU
		{5602CFAA-6B6A-4184-AC00-26E92C5001AF}.Debug|Any CPU.Build.0 = Debug|Any CPU
		{5602CFAA-6B6A-4184-AC00-26E92C5001AF}.Release|Any CPU.ActiveCfg = Release|Any CPU
		{5602CFAA-6B6A-4184-AC00-26E92C5001AF}.Release|Any CPU.Build.0 = Release|Any CPU
	EndGlobalSection
	GlobalSection(SolutionProperties) = preSolution
		HideSolutionNode = FALSE
	EndGlobalSection
	GlobalSection(ExtensibilityGlobals) = postSolution
		SolutionGuid = {77EEC64E-AF71-4F03-B380-676A273EA7BD}
	EndGlobalSection
EndGlobal
