
Microsoft Visual Studio Solution File, Format Version 12.00
# Visual Studio Version 17
VisualStudioVersion = 17.7.34018.315
MinimumVisualStudioVersion = 10.0.40219.1
Project("{FAE04EC0-301F-11D3-BF4B-00C04F79EFBC}") = "ListIEnumerable", "ListIEnumerable\ListIEnumerable.csproj", "{DF8C4740-CAE3-41CA-BAF4-88F37792398A}"
EndProject
Global
	GlobalSection(SolutionConfigurationPlatforms) = preSolution
		Debug|Any CPU = Debug|Any CPU
		Release|Any CPU = Release|Any CPU
	EndGlobalSection
	GlobalSection(ProjectConfigurationPlatforms) = postSolution
		{DF8C4740-CAE3-41CA-BAF4-88F37792398A}.Debug|Any CPU.ActiveCfg = Debug|Any CPU
		{DF8C4740-CAE3-41CA-BAF4-88F37792398A}.Debug|Any CPU.Build.0 = Debug|Any CPU
		{DF8C4740-CAE3-41CA-BAF4-88F37792398A}.Release|Any CPU.ActiveCfg = Release|Any CPU
		{DF8C4740-CAE3-41CA-BAF4-88F37792398A}.Release|Any CPU.Build.0 = Release|Any CPU
	EndGlobalSection
	GlobalSection(SolutionProperties) = preSolution
		HideSolutionNode = FALSE
	EndGlobalSection
	GlobalSection(ExtensibilityGlobals) = postSolution
		SolutionGuid = {3FC28F43-5592-4702-9614-846596F677DB}
	EndGlobalSection
EndGlobal
