
Microsoft Visual Studio Solution File, Format Version 12.00
# Visual Studio Version 17
VisualStudioVersion = 17.7.34018.315
MinimumVisualStudioVersion = 10.0.40219.1
Project("{FAE04EC0-301F-11D3-BF4B-00C04F79EFBC}") = "ConversaoDeTipos1", "ConversaoDeTipos1\ConversaoDeTipos1.csproj", "{FC17E0A9-ABEB-42AB-B626-1964EBFE634E}"
EndProject
Global
	GlobalSection(SolutionConfigurationPlatforms) = preSolution
		Debug|Any CPU = Debug|Any CPU
		Release|Any CPU = Release|Any CPU
	EndGlobalSection
	GlobalSection(ProjectConfigurationPlatforms) = postSolution
		{FC17E0A9-ABEB-42AB-B626-1964EBFE634E}.Debug|Any CPU.ActiveCfg = Debug|Any CPU
		{FC17E0A9-ABEB-42AB-B626-1964EBFE634E}.Debug|Any CPU.Build.0 = Debug|Any CPU
		{FC17E0A9-ABEB-42AB-B626-1964EBFE634E}.Release|Any CPU.ActiveCfg = Release|Any CPU
		{FC17E0A9-ABEB-42AB-B626-1964EBFE634E}.Release|Any CPU.Build.0 = Release|Any CPU
	EndGlobalSection
	GlobalSection(SolutionProperties) = preSolution
		HideSolutionNode = FALSE
	EndGlobalSection
	GlobalSection(ExtensibilityGlobals) = postSolution
		SolutionGuid = {8DCA0EB9-2ED4-48C2-909C-A9C7197CFFA1}
	EndGlobalSection
EndGlobal
