
Microsoft Visual Studio Solution File, Format Version 12.00
# Visual Studio Version 17
VisualStudioVersion = 17.7.34018.315
MinimumVisualStudioVersion = 10.0.40219.1
Project("{FAE04EC0-301F-11D3-BF4B-00C04F79EFBC}") = "This3", "This3\This3.csproj", "{B157E2D3-F37A-4D51-ACB8-D11B8BE4C353}"
EndProject
Global
	GlobalSection(SolutionConfigurationPlatforms) = preSolution
		Debug|Any CPU = Debug|Any CPU
		Release|Any CPU = Release|Any CPU
	EndGlobalSection
	GlobalSection(ProjectConfigurationPlatforms) = postSolution
		{B157E2D3-F37A-4D51-ACB8-D11B8BE4C353}.Debug|Any CPU.ActiveCfg = Debug|Any CPU
		{B157E2D3-F37A-4D51-ACB8-D11B8BE4C353}.Debug|Any CPU.Build.0 = Debug|Any CPU
		{B157E2D3-F37A-4D51-ACB8-D11B8BE4C353}.Release|Any CPU.ActiveCfg = Release|Any CPU
		{B157E2D3-F37A-4D51-ACB8-D11B8BE4C353}.Release|Any CPU.Build.0 = Release|Any CPU
	EndGlobalSection
	GlobalSection(SolutionProperties) = preSolution
		HideSolutionNode = FALSE
	EndGlobalSection
	GlobalSection(ExtensibilityGlobals) = postSolution
		SolutionGuid = {E6551E1E-586B-44D7-8B61-FB47FB139F74}
	EndGlobalSection
EndGlobal
