
Microsoft Visual Studio Solution File, Format Version 12.00
# Visual Studio Version 17
VisualStudioVersion = 17.7.34018.315
MinimumVisualStudioVersion = 10.0.40219.1
Project("{FAE04EC0-301F-11D3-BF4B-00C04F79EFBC}") = "Propriedades", "Propriedades\Propriedades.csproj", "{52895E3F-020D-4DDD-BF82-08D429D6ED1B}"
EndProject
Global
	GlobalSection(SolutionConfigurationPlatforms) = preSolution
		Debug|Any CPU = Debug|Any CPU
		Release|Any CPU = Release|Any CPU
	EndGlobalSection
	GlobalSection(ProjectConfigurationPlatforms) = postSolution
		{52895E3F-020D-4DDD-BF82-08D429D6ED1B}.Debug|Any CPU.ActiveCfg = Debug|Any CPU
		{52895E3F-020D-4DDD-BF82-08D429D6ED1B}.Debug|Any CPU.Build.0 = Debug|Any CPU
		{52895E3F-020D-4DDD-BF82-08D429D6ED1B}.Release|Any CPU.ActiveCfg = Release|Any CPU
		{52895E3F-020D-4DDD-BF82-08D429D6ED1B}.Release|Any CPU.Build.0 = Release|Any CPU
	EndGlobalSection
	GlobalSection(SolutionProperties) = preSolution
		HideSolutionNode = FALSE
	EndGlobalSection
	GlobalSection(ExtensibilityGlobals) = postSolution
		SolutionGuid = {04A3C78A-1D05-4A3B-8904-DDCE2895CAE4}
	EndGlobalSection
EndGlobal
