
Microsoft Visual Studio Solution File, Format Version 12.00
# Visual Studio Version 17
VisualStudioVersion = 17.7.34018.315
MinimumVisualStudioVersion = 10.0.40219.1
Project("{FAE04EC0-301F-11D3-BF4B-00C04F79EFBC}") = "Indexadores", "Indexadores\Indexadores.csproj", "{E89C1C9C-89EE-4AF1-A397-EA3532E6FBA6}"
EndProject
Global
	GlobalSection(SolutionConfigurationPlatforms) = preSolution
		Debug|Any CPU = Debug|Any CPU
		Release|Any CPU = Release|Any CPU
	EndGlobalSection
	GlobalSection(ProjectConfigurationPlatforms) = postSolution
		{E89C1C9C-89EE-4AF1-A397-EA3532E6FBA6}.Debug|Any CPU.ActiveCfg = Debug|Any CPU
		{E89C1C9C-89EE-4AF1-A397-EA3532E6FBA6}.Debug|Any CPU.Build.0 = Debug|Any CPU
		{E89C1C9C-89EE-4AF1-A397-EA3532E6FBA6}.Release|Any CPU.ActiveCfg = Release|Any CPU
		{E89C1C9C-89EE-4AF1-A397-EA3532E6FBA6}.Release|Any CPU.Build.0 = Release|Any CPU
	EndGlobalSection
	GlobalSection(SolutionProperties) = preSolution
		HideSolutionNode = FALSE
	EndGlobalSection
	GlobalSection(ExtensibilityGlobals) = postSolution
		SolutionGuid = {D1D81F20-EDD2-47A4-A3DB-E5B2659CA59E}
	EndGlobalSection
EndGlobal
