
Microsoft Visual Studio Solution File, Format Version 12.00
# Visual Studio Version 17
VisualStudioVersion = 17.7.34018.315
MinimumVisualStudioVersion = 10.0.40219.1
Project("{FAE04EC0-301F-11D3-BF4B-00C04F79EFBC}") = "TiposAnonimos3", "TiposAnonimos3\TiposAnonimos3.csproj", "{71155EBF-C22B-44A8-8100-F5841E7BABD5}"
EndProject
Global
	GlobalSection(SolutionConfigurationPlatforms) = preSolution
		Debug|Any CPU = Debug|Any CPU
		Release|Any CPU = Release|Any CPU
	EndGlobalSection
	GlobalSection(ProjectConfigurationPlatforms) = postSolution
		{71155EBF-C22B-44A8-8100-F5841E7BABD5}.Debug|Any CPU.ActiveCfg = Debug|Any CPU
		{71155EBF-C22B-44A8-8100-F5841E7BABD5}.Debug|Any CPU.Build.0 = Debug|Any CPU
		{71155EBF-C22B-44A8-8100-F5841E7BABD5}.Release|Any CPU.ActiveCfg = Release|Any CPU
		{71155EBF-C22B-44A8-8100-F5841E7BABD5}.Release|Any CPU.Build.0 = Release|Any CPU
	EndGlobalSection
	GlobalSection(SolutionProperties) = preSolution
		HideSolutionNode = FALSE
	EndGlobalSection
	GlobalSection(ExtensibilityGlobals) = postSolution
		SolutionGuid = {9388DF4D-39B9-4A0A-98CE-2B26BACB3E17}
	EndGlobalSection
EndGlobal
