
Microsoft Visual Studio Solution File, Format Version 12.00
# Visual Studio Version 17
VisualStudioVersion = 17.7.34018.315
MinimumVisualStudioVersion = 10.0.40219.1
Project("{FAE04EC0-301F-11D3-BF4B-00C04F79EFBC}") = "ConversaoTipos2", "ConversaoTipos2\ConversaoTipos2.csproj", "{02AEB1A9-2B94-449F-9A2F-B48E4116141E}"
EndProject
Global
	GlobalSection(SolutionConfigurationPlatforms) = preSolution
		Debug|Any CPU = Debug|Any CPU
		Release|Any CPU = Release|Any CPU
	EndGlobalSection
	GlobalSection(ProjectConfigurationPlatforms) = postSolution
		{02AEB1A9-2B94-449F-9A2F-B48E4116141E}.Debug|Any CPU.ActiveCfg = Debug|Any CPU
		{02AEB1A9-2B94-449F-9A2F-B48E4116141E}.Debug|Any CPU.Build.0 = Debug|Any CPU
		{02AEB1A9-2B94-449F-9A2F-B48E4116141E}.Release|Any CPU.ActiveCfg = Release|Any CPU
		{02AEB1A9-2B94-449F-9A2F-B48E4116141E}.Release|Any CPU.Build.0 = Release|Any CPU
	EndGlobalSection
	GlobalSection(SolutionProperties) = preSolution
		HideSolutionNode = FALSE
	EndGlobalSection
	GlobalSection(ExtensibilityGlobals) = postSolution
		SolutionGuid = {FB877A59-AA62-4754-9C87-9F55C0A130FA}
	EndGlobalSection
EndGlobal
