
Microsoft Visual Studio Solution File, Format Version 12.00
# Visual Studio Version 17
VisualStudioVersion = 17.7.34018.315
MinimumVisualStudioVersion = 10.0.40219.1
Project("{FAE04EC0-301F-11D3-BF4B-00C04F79EFBC}") = "List5", "List5\List5.csproj", "{18CBB4EE-EE79-4B35-978E-B4CB6063687F}"
EndProject
Global
	GlobalSection(SolutionConfigurationPlatforms) = preSolution
		Debug|Any CPU = Debug|Any CPU
		Release|Any CPU = Release|Any CPU
	EndGlobalSection
	GlobalSection(ProjectConfigurationPlatforms) = postSolution
		{18CBB4EE-EE79-4B35-978E-B4CB6063687F}.Debug|Any CPU.ActiveCfg = Debug|Any CPU
		{18CBB4EE-EE79-4B35-978E-B4CB6063687F}.Debug|Any CPU.Build.0 = Debug|Any CPU
		{18CBB4EE-EE79-4B35-978E-B4CB6063687F}.Release|Any CPU.ActiveCfg = Release|Any CPU
		{18CBB4EE-EE79-4B35-978E-B4CB6063687F}.Release|Any CPU.Build.0 = Release|Any CPU
	EndGlobalSection
	GlobalSection(SolutionProperties) = preSolution
		HideSolutionNode = FALSE
	EndGlobalSection
	GlobalSection(ExtensibilityGlobals) = postSolution
		SolutionGuid = {3861D02A-82DA-4519-AC11-6D7B4641E65E}
	EndGlobalSection
EndGlobal
