
Microsoft Visual Studio Solution File, Format Version 12.00
# Visual Studio Version 17
VisualStudioVersion = 17.7.34018.315
MinimumVisualStudioVersion = 10.0.40219.1
Project("{FAE04EC0-301F-11D3-BF4B-00C04F79EFBC}") = "MetodoParametrizado", "MetodoParametrizado\MetodoParametrizado.csproj", "{210DF2F5-CDA5-4D49-B4F4-01FAE45DCB09}"
EndProject
Global
	GlobalSection(SolutionConfigurationPlatforms) = preSolution
		Debug|Any CPU = Debug|Any CPU
		Release|Any CPU = Release|Any CPU
	EndGlobalSection
	GlobalSection(ProjectConfigurationPlatforms) = postSolution
		{210DF2F5-CDA5-4D49-B4F4-01FAE45DCB09}.Debug|Any CPU.ActiveCfg = Debug|Any CPU
		{210DF2F5-CDA5-4D49-B4F4-01FAE45DCB09}.Debug|Any CPU.Build.0 = Debug|Any CPU
		{210DF2F5-CDA5-4D49-B4F4-01FAE45DCB09}.Release|Any CPU.ActiveCfg = Release|Any CPU
		{210DF2F5-CDA5-4D49-B4F4-01FAE45DCB09}.Release|Any CPU.Build.0 = Release|Any CPU
	EndGlobalSection
	GlobalSection(SolutionProperties) = preSolution
		HideSolutionNode = FALSE
	EndGlobalSection
	GlobalSection(ExtensibilityGlobals) = postSolution
		SolutionGuid = {ADED0C87-9C21-49CD-8EDA-0B5431BFC2B6}
	EndGlobalSection
EndGlobal
