
Microsoft Visual Studio Solution File, Format Version 12.00
# Visual Studio Version 17
VisualStudioVersion = 17.7.34018.315
MinimumVisualStudioVersion = 10.0.40219.1
Project("{FAE04EC0-301F-11D3-BF4B-00C04F79EFBC}") = "InterfaceEx", "InterfaceEx\InterfaceEx.csproj", "{33B58344-7BEA-4492-A418-FE01E0B2CB06}"
EndProject
Global
	GlobalSection(SolutionConfigurationPlatforms) = preSolution
		Debug|Any CPU = Debug|Any CPU
		Release|Any CPU = Release|Any CPU
	EndGlobalSection
	GlobalSection(ProjectConfigurationPlatforms) = postSolution
		{33B58344-7BEA-4492-A418-FE01E0B2CB06}.Debug|Any CPU.ActiveCfg = Debug|Any CPU
		{33B58344-7BEA-4492-A418-FE01E0B2CB06}.Debug|Any CPU.Build.0 = Debug|Any CPU
		{33B58344-7BEA-4492-A418-FE01E0B2CB06}.Release|Any CPU.ActiveCfg = Release|Any CPU
		{33B58344-7BEA-4492-A418-FE01E0B2CB06}.Release|Any CPU.Build.0 = Release|Any CPU
	EndGlobalSection
	GlobalSection(SolutionProperties) = preSolution
		HideSolutionNode = FALSE
	EndGlobalSection
	GlobalSection(ExtensibilityGlobals) = postSolution
		SolutionGuid = {52BBBD5B-8C2F-468C-853B-B4AEFA2A6273}
	EndGlobalSection
EndGlobal
