
Microsoft Visual Studio Solution File, Format Version 12.00
# Visual Studio Version 17
VisualStudioVersion = 17.7.34018.315
MinimumVisualStudioVersion = 10.0.40219.1
Project("{FAE04EC0-301F-11D3-BF4B-00C04F79EFBC}") = "Interfaces", "Interfaces\Interfaces.csproj", "{780AEC4D-605B-49D5-A43E-3F136C094654}"
EndProject
Global
	GlobalSection(SolutionConfigurationPlatforms) = preSolution
		Debug|Any CPU = Debug|Any CPU
		Release|Any CPU = Release|Any CPU
	EndGlobalSection
	GlobalSection(ProjectConfigurationPlatforms) = postSolution
		{780AEC4D-605B-49D5-A43E-3F136C094654}.Debug|Any CPU.ActiveCfg = Debug|Any CPU
		{780AEC4D-605B-49D5-A43E-3F136C094654}.Debug|Any CPU.Build.0 = Debug|Any CPU
		{780AEC4D-605B-49D5-A43E-3F136C094654}.Release|Any CPU.ActiveCfg = Release|Any CPU
		{780AEC4D-605B-49D5-A43E-3F136C094654}.Release|Any CPU.Build.0 = Release|Any CPU
	EndGlobalSection
	GlobalSection(SolutionProperties) = preSolution
		HideSolutionNode = FALSE
	EndGlobalSection
	GlobalSection(ExtensibilityGlobals) = postSolution
		SolutionGuid = {C94A2043-1D99-4A49-B1F0-32FBACBAEC02}
	EndGlobalSection
EndGlobal
