
Microsoft Visual Studio Solution File, Format Version 12.00
# Visual Studio Version 17
VisualStudioVersion = 17.7.34018.315
MinimumVisualStudioVersion = 10.0.40219.1
Project("{FAE04EC0-301F-11D3-BF4B-00C04F79EFBC}") = "Identificadores", "Identificadores\Identificadores.csproj", "{58269111-06FD-44B4-91FE-2A35D800948E}"
EndProject
Global
	GlobalSection(SolutionConfigurationPlatforms) = preSolution
		Debug|Any CPU = Debug|Any CPU
		Release|Any CPU = Release|Any CPU
	EndGlobalSection
	GlobalSection(ProjectConfigurationPlatforms) = postSolution
		{58269111-06FD-44B4-91FE-2A35D800948E}.Debug|Any CPU.ActiveCfg = Debug|Any CPU
		{58269111-06FD-44B4-91FE-2A35D800948E}.Debug|Any CPU.Build.0 = Debug|Any CPU
		{58269111-06FD-44B4-91FE-2A35D800948E}.Release|Any CPU.ActiveCfg = Release|Any CPU
		{58269111-06FD-44B4-91FE-2A35D800948E}.Release|Any CPU.Build.0 = Release|Any CPU
	EndGlobalSection
	GlobalSection(SolutionProperties) = preSolution
		HideSolutionNode = FALSE
	EndGlobalSection
	GlobalSection(ExtensibilityGlobals) = postSolution
		SolutionGuid = {7DA346F2-AD03-4887-9571-3F7855DB17E6}
	EndGlobalSection
EndGlobal
