
Microsoft Visual Studio Solution File, Format Version 12.00
# Visual Studio Version 17
VisualStudioVersion = 17.7.34018.315
MinimumVisualStudioVersion = 10.0.40219.1
Project("{FAE04EC0-301F-11D3-BF4B-00C04F79EFBC}") = "Switch2", "Switch2\Switch2.csproj", "{6CBCF9FE-8949-4B46-8B64-81377C6AD766}"
EndProject
Global
	GlobalSection(SolutionConfigurationPlatforms) = preSolution
		Debug|Any CPU = Debug|Any CPU
		Release|Any CPU = Release|Any CPU
	EndGlobalSection
	GlobalSection(ProjectConfigurationPlatforms) = postSolution
		{6CBCF9FE-8949-4B46-8B64-81377C6AD766}.Debug|Any CPU.ActiveCfg = Debug|Any CPU
		{6CBCF9FE-8949-4B46-8B64-81377C6AD766}.Debug|Any CPU.Build.0 = Debug|Any CPU
		{6CBCF9FE-8949-4B46-8B64-81377C6AD766}.Release|Any CPU.ActiveCfg = Release|Any CPU
		{6CBCF9FE-8949-4B46-8B64-81377C6AD766}.Release|Any CPU.Build.0 = Release|Any CPU
	EndGlobalSection
	GlobalSection(SolutionProperties) = preSolution
		HideSolutionNode = FALSE
	EndGlobalSection
	GlobalSection(ExtensibilityGlobals) = postSolution
		SolutionGuid = {66923702-C8E7-4345-B307-B284FF808A2F}
	EndGlobalSection
EndGlobal
